
Microsoft Visual Studio Solution File, Format Version 12.00
Project("{FAE04EC0-301F-11D3-BF4B-00C04F79EFBC}") = "Acibadem.Umbraco", "Acibadem.Umbraco\Acibadem.Umbraco.csproj", "{80A37521-B1CD-4E00-8774-EBDB71A58401}"
EndProject
Global
	GlobalSection(SolutionConfigurationPlatforms) = preSolution
		Debug|Any CPU = Debug|Any CPU
		Release|Any CPU = Release|Any CPU
	EndGlobalSection
	GlobalSection(ProjectConfigurationPlatforms) = postSolution
		{80A37521-B1CD-4E00-8774-EBDB71A58401}.Debug|Any CPU.ActiveCfg = Debug|Any CPU
		{80A37521-B1CD-4E00-8774-EBDB71A58401}.Debug|Any CPU.Build.0 = Debug|Any CPU
		{80A37521-B1CD-4E00-8774-EBDB71A58401}.Release|Any CPU.ActiveCfg = Release|Any CPU
		{80A37521-B1CD-4E00-8774-EBDB71A58401}.Release|Any CPU.Build.0 = Release|Any CPU
	EndGlobalSection
EndGlobal
